
Microsoft Visual Studio Solution File, Format Version 12.00
# Visual Studio 15
VisualStudioVersion = 15.0.28010.2026
MinimumVisualStudioVersion = 10.0.40219.1
Project("{FAE04EC0-301F-11D3-BF4B-00C04F79EFBC}") = "ProjectPastel", "ProjectPastel\ProjectPastel.csproj", "{95924936-B890-4785-AC8E-82C880C2DFDC}"
EndProject
Global
	GlobalSection(SolutionConfigurationPlatforms) = preSolution
		Debug|Any CPU = Debug|Any CPU
		Release|Any CPU = Release|Any CPU
	EndGlobalSection
	GlobalSection(ProjectConfigurationPlatforms) = postSolution
		{95924936-B890-4785-AC8E-82C880C2DFDC}.Debug|Any CPU.ActiveCfg = Debug|Any CPU
		{95924936-B890-4785-AC8E-82C880C2DFDC}.Debug|Any CPU.Build.0 = Debug|Any CPU
		{95924936-B890-4785-AC8E-82C880C2DFDC}.Release|Any CPU.ActiveCfg = Release|Any CPU
		{95924936-B890-4785-AC8E-82C880C2DFDC}.Release|Any CPU.Build.0 = Release|Any CPU
	EndGlobalSection
	GlobalSection(SolutionProperties) = preSolution
		HideSolutionNode = FALSE
	EndGlobalSection
	GlobalSection(ExtensibilityGlobals) = postSolution
		SolutionGuid = {39D0FF69-A6AF-4E47-961A-FDD8F3220D95}
	EndGlobalSection
EndGlobal
